
Microsoft Visual Studio Solution File, Format Version 12.00
# Visual Studio 2013
VisualStudioVersion = 12.0.21005.1
MinimumVisualStudioVersion = 10.0.40219.1
Project("{FAE04EC0-301F-11D3-BF4B-00C04F79EFBC}") = "RabbitMQTest.Client", "RabbitMQTest.Client\RabbitMQTest.Client.csproj", "{CAEDEFCD-BA7C-4B9A-B5CA-99773D81401A}"
EndProject
Project("{FAE04EC0-301F-11D3-BF4B-00C04F79EFBC}") = "RabbitMQTest.Server", "RabbitMQTest.Server\RabbitMQTest.Server.csproj", "{A0BF2698-3496-4175-9B06-135DD4F359A4}"
EndProject
Project("{FAE04EC0-301F-11D3-BF4B-00C04F79EFBC}") = "RabbitMQTest.Web", "RabbitMQTest.Web\RabbitMQTest.Web.csproj", "{4A01F85E-A557-4529-93F9-F2E47718DEAA}"
EndProject
Project("{FAE04EC0-301F-11D3-BF4B-00C04F79EFBC}") = "RabbitMQTest.RPCServer", "RabbitMQTest.RPCServer\RabbitMQTest.RPCServer.csproj", "{20DDD971-F724-47B2-9ACE-EA64D93EB6F1}"
EndProject
Project("{FAE04EC0-301F-11D3-BF4B-00C04F79EFBC}") = "RabbitMQTest.Utils", "RabbitMQTest.Utils\RabbitMQTest.Utils.csproj", "{E74DCDFD-90B0-44E1-B21E-2B7774369870}"
EndProject
Project("{FAE04EC0-301F-11D3-BF4B-00C04F79EFBC}") = "RabbitMQTest.Model", "RabbitMQTest.Model\RabbitMQTest.Model.csproj", "{87C6B6E8-9A6A-46D9-A015-458C4F2FAB0C}"
EndProject
Project("{FAE04EC0-301F-11D3-BF4B-00C04F79EFBC}") = "RabbitMQTest.WCF", "RabbitMQTest.WCF\RabbitMQTest.WCF.csproj", "{D192DD1B-61ED-431F-8A40-7D7B2820913A}"
EndProject
Project("{2150E333-8FDC-42A3-9474-1A3956D46DE8}") = "SimpleTest", "SimpleTest", "{AC8F34F0-5568-442E-98E5-5CD568585C0D}"
EndProject
Project("{2150E333-8FDC-42A3-9474-1A3956D46DE8}") = "RPCTest", "RPCTest", "{2504FA71-67B8-4F40-81C6-CB82FC67C1D1}"
EndProject
Project("{2150E333-8FDC-42A3-9474-1A3956D46DE8}") = "WCFRPCTest", "WCFRPCTest", "{C02679C1-02E6-4DD9-8C25-D47B8E4AEFE0}"
EndProject
Project("{FAE04EC0-301F-11D3-BF4B-00C04F79EFBC}") = "RabbitMQTest.WCFServer", "RabbitMQTest.WCFServer\RabbitMQTest.WCFServer.csproj", "{7BC2EA7B-E439-4D28-B5AE-555BE072F6C5}"
EndProject
Global
	GlobalSection(SolutionConfigurationPlatforms) = preSolution
		Debug|Any CPU = Debug|Any CPU
		Release|Any CPU = Release|Any CPU
	EndGlobalSection
	GlobalSection(ProjectConfigurationPlatforms) = postSolution
		{CAEDEFCD-BA7C-4B9A-B5CA-99773D81401A}.Debug|Any CPU.ActiveCfg = Debug|Any CPU
		{CAEDEFCD-BA7C-4B9A-B5CA-99773D81401A}.Debug|Any CPU.Build.0 = Debug|Any CPU
		{CAEDEFCD-BA7C-4B9A-B5CA-99773D81401A}.Release|Any CPU.ActiveCfg = Release|Any CPU
		{CAEDEFCD-BA7C-4B9A-B5CA-99773D81401A}.Release|Any CPU.Build.0 = Release|Any CPU
		{A0BF2698-3496-4175-9B06-135DD4F359A4}.Debug|Any CPU.ActiveCfg = Debug|Any CPU
		{A0BF2698-3496-4175-9B06-135DD4F359A4}.Debug|Any CPU.Build.0 = Debug|Any CPU
		{A0BF2698-3496-4175-9B06-135DD4F359A4}.Release|Any CPU.ActiveCfg = Release|Any CPU
		{A0BF2698-3496-4175-9B06-135DD4F359A4}.Release|Any CPU.Build.0 = Release|Any CPU
		{4A01F85E-A557-4529-93F9-F2E47718DEAA}.Debug|Any CPU.ActiveCfg = Debug|Any CPU
		{4A01F85E-A557-4529-93F9-F2E47718DEAA}.Debug|Any CPU.Build.0 = Debug|Any CPU
		{4A01F85E-A557-4529-93F9-F2E47718DEAA}.Release|Any CPU.ActiveCfg = Release|Any CPU
		{4A01F85E-A557-4529-93F9-F2E47718DEAA}.Release|Any CPU.Build.0 = Release|Any CPU
		{20DDD971-F724-47B2-9ACE-EA64D93EB6F1}.Debug|Any CPU.ActiveCfg = Debug|Any CPU
		{20DDD971-F724-47B2-9ACE-EA64D93EB6F1}.Debug|Any CPU.Build.0 = Debug|Any CPU
		{20DDD971-F724-47B2-9ACE-EA64D93EB6F1}.Release|Any CPU.ActiveCfg = Release|Any CPU
		{20DDD971-F724-47B2-9ACE-EA64D93EB6F1}.Release|Any CPU.Build.0 = Release|Any CPU
		{E74DCDFD-90B0-44E1-B21E-2B7774369870}.Debug|Any CPU.ActiveCfg = Debug|Any CPU
		{E74DCDFD-90B0-44E1-B21E-2B7774369870}.Debug|Any CPU.Build.0 = Debug|Any CPU
		{E74DCDFD-90B0-44E1-B21E-2B7774369870}.Release|Any CPU.ActiveCfg = Release|Any CPU
		{E74DCDFD-90B0-44E1-B21E-2B7774369870}.Release|Any CPU.Build.0 = Release|Any CPU
		{87C6B6E8-9A6A-46D9-A015-458C4F2FAB0C}.Debug|Any CPU.ActiveCfg = Debug|Any CPU
		{87C6B6E8-9A6A-46D9-A015-458C4F2FAB0C}.Debug|Any CPU.Build.0 = Debug|Any CPU
		{87C6B6E8-9A6A-46D9-A015-458C4F2FAB0C}.Release|Any CPU.ActiveCfg = Release|Any CPU
		{87C6B6E8-9A6A-46D9-A015-458C4F2FAB0C}.Release|Any CPU.Build.0 = Release|Any CPU
		{D192DD1B-61ED-431F-8A40-7D7B2820913A}.Debug|Any CPU.ActiveCfg = Debug|Any CPU
		{D192DD1B-61ED-431F-8A40-7D7B2820913A}.Debug|Any CPU.Build.0 = Debug|Any CPU
		{D192DD1B-61ED-431F-8A40-7D7B2820913A}.Release|Any CPU.ActiveCfg = Release|Any CPU
		{D192DD1B-61ED-431F-8A40-7D7B2820913A}.Release|Any CPU.Build.0 = Release|Any CPU
		{7BC2EA7B-E439-4D28-B5AE-555BE072F6C5}.Debug|Any CPU.ActiveCfg = Debug|Any CPU
		{7BC2EA7B-E439-4D28-B5AE-555BE072F6C5}.Debug|Any CPU.Build.0 = Debug|Any CPU
		{7BC2EA7B-E439-4D28-B5AE-555BE072F6C5}.Release|Any CPU.ActiveCfg = Release|Any CPU
		{7BC2EA7B-E439-4D28-B5AE-555BE072F6C5}.Release|Any CPU.Build.0 = Release|Any CPU
	EndGlobalSection
	GlobalSection(SolutionProperties) = preSolution
		HideSolutionNode = FALSE
	EndGlobalSection
	GlobalSection(NestedProjects) = preSolution
		{CAEDEFCD-BA7C-4B9A-B5CA-99773D81401A} = {AC8F34F0-5568-442E-98E5-5CD568585C0D}
		{A0BF2698-3496-4175-9B06-135DD4F359A4} = {AC8F34F0-5568-442E-98E5-5CD568585C0D}
		{20DDD971-F724-47B2-9ACE-EA64D93EB6F1} = {2504FA71-67B8-4F40-81C6-CB82FC67C1D1}
		{4A01F85E-A557-4529-93F9-F2E47718DEAA} = {2504FA71-67B8-4F40-81C6-CB82FC67C1D1}
		{D192DD1B-61ED-431F-8A40-7D7B2820913A} = {C02679C1-02E6-4DD9-8C25-D47B8E4AEFE0}
		{7BC2EA7B-E439-4D28-B5AE-555BE072F6C5} = {C02679C1-02E6-4DD9-8C25-D47B8E4AEFE0}
	EndGlobalSection
EndGlobal
